Microsoft Visual Studio Solution File, Format Version 8.00
Project("{8BC9CEB8-8B4A-11D0-8D11-00A0C91BC942}") = "libyasm", "libyasm\libyasm.vcproj", "{29FE7874-1256-4AD6-B889-68E399DC9608}"
	ProjectSection(ProjectDependencies) = postProject
		{F0E8B707-00C5-4FF2-B8EF-7C39817132A0} = {F0E8B707-00C5-4FF2-B8EF-7C39817132A0}
	EndProjectSection
EndProject
Project("{8BC9CEB8-8B4A-11D0-8D11-00A0C91BC942}") = "modules", "modules\modules.vcproj", "{D715A3D4-EFAA-442E-AD8B-5B4FF64E1DD6}"
	ProjectSection(ProjectDependencies) = postProject
		{C45A8B59-8B59-4D5D-A8E8-FB090F8DD619} = {C45A8B59-8B59-4D5D-A8E8-FB090F8DD619}
		{225700A5-07B8-434E-AD61-555278BF6733} = {225700A5-07B8-434E-AD61-555278BF6733}
		{29FE7874-1256-4AD6-B889-68E399DC9608} = {29FE7874-1256-4AD6-B889-68E399DC9608}
		{3C58BE13-50A3-4583-984D-D8902B3D7713} = {3C58BE13-50A3-4583-984D-D8902B3D7713}
		{5758BF4E-ABC4-11DA-B012-B622A1EF5492} = {5758BF4E-ABC4-11DA-B012-B622A1EF5492}
	EndProjectSection
EndProject
Project("{8BC9CEB8-8B4A-11D0-8D11-00A0C91BC942}") = "yasm", "yasm.vcproj", "{34EB1BEB-C2D6-4A52-82B7-7ACD714A30D5}"
	ProjectSection(ProjectDependencies) = postProject
		{D715A3D4-EFAA-442E-AD8B-5B4FF64E1DD6} = {D715A3D4-EFAA-442E-AD8B-5B4FF64E1DD6}
		{29FE7874-1256-4AD6-B889-68E399DC9608} = {29FE7874-1256-4AD6-B889-68E399DC9608}
		{021CEB0A-F721-4F59-B349-9CEEAF244459} = {021CEB0A-F721-4F59-B349-9CEEAF244459}
	EndProjectSection
EndProject
Project("{8BC9CEB8-8B4A-11D0-8D11-00A0C91BC942}") = "genmacro", "genmacro\genmacro.vcproj", "{225700A5-07B8-434E-AD61-555278BF6733}"
	ProjectSection(ProjectDependencies) = postProject
		{B545983B-8EE0-4A7B-A67A-E749EEAE62A2} = {B545983B-8EE0-4A7B-A67A-E749EEAE62A2}
	EndProjectSection
EndProject
Project("{8BC9CEB8-8B4A-11D0-8D11-00A0C91BC942}") = "genversion", "genversion\genversion.vcproj", "{B545983B-8EE0-4A7B-A67A-E749EEAE62A2}"
	ProjectSection(ProjectDependencies) = postProject
	EndProjectSection
EndProject
Project("{8BC9CEB8-8B4A-11D0-8D11-00A0C91BC942}") = "re2c", "re2c\re2c.vcproj", "{3C58BE13-50A3-4583-984D-D8902B3D7713}"
	ProjectSection(ProjectDependencies) = postProject
	EndProjectSection
EndProject
Project("{8BC9CEB8-8B4A-11D0-8D11-00A0C91BC942}") = "genperf", "genperf\genperf.vcproj", "{C45A8B59-8B59-4D5D-A8E8-FB090F8DD619}"
	ProjectSection(ProjectDependencies) = postProject
	EndProjectSection
EndProject
Project("{8BC9CEB8-8B4A-11D0-8D11-00A0C91BC942}") = "genmodule", "genmodule\genmodule.vcproj", "{F0E8B707-00C5-4FF2-B8EF-7C39817132A0}"
	ProjectSection(ProjectDependencies) = postProject
	EndProjectSection
EndProject
Project("{8BC9CEB8-8B4A-11D0-8D11-00A0C91BC942}") = "genstring", "genstring\genstring.vcproj", "{021CEB0A-F721-4F59-B349-9CEEAF244459}"
	ProjectSection(ProjectDependencies) = postProject
	EndProjectSection
EndProject
Global
	GlobalSection(SolutionConfiguration) = preSolution
		Debug = Debug
		Release = Release
	EndGlobalSection
	GlobalSection(ProjectConfiguration) = postSolution
		{29FE7874-1256-4AD6-B889-68E399DC9608}.Debug.ActiveCfg = Debug|Win32
		{29FE7874-1256-4AD6-B889-68E399DC9608}.Debug.Build.0 = Debug|Win32
		{29FE7874-1256-4AD6-B889-68E399DC9608}.Release.ActiveCfg = Release|Win32
		{29FE7874-1256-4AD6-B889-68E399DC9608}.Release.Build.0 = Release|Win32
		{D715A3D4-EFAA-442E-AD8B-5B4FF64E1DD6}.Debug.ActiveCfg = Debug|Win32
		{D715A3D4-EFAA-442E-AD8B-5B4FF64E1DD6}.Debug.Build.0 = Debug|Win32
		{D715A3D4-EFAA-442E-AD8B-5B4FF64E1DD6}.Release.ActiveCfg = Release|Win32
		{D715A3D4-EFAA-442E-AD8B-5B4FF64E1DD6}.Release.Build.0 = Release|Win32
		{34EB1BEB-C2D6-4A52-82B7-7ACD714A30D5}.Debug.ActiveCfg = Debug|Win32
		{34EB1BEB-C2D6-4A52-82B7-7ACD714A30D5}.Debug.Build.0 = Debug|Win32
		{34EB1BEB-C2D6-4A52-82B7-7ACD714A30D5}.Release.ActiveCfg = Release|Win32
		{34EB1BEB-C2D6-4A52-82B7-7ACD714A30D5}.Release.Build.0 = Release|Win32
		{225700A5-07B8-434E-AD61-555278BF6733}.Debug.ActiveCfg = Debug|Win32
		{225700A5-07B8-434E-AD61-555278BF6733}.Debug.Build.0 = Debug|Win32
		{225700A5-07B8-434E-AD61-555278BF6733}.Release.ActiveCfg = Release|Win32
		{225700A5-07B8-434E-AD61-555278BF6733}.Release.Build.0 = Release|Win32
		{B545983B-8EE0-4A7B-A67A-E749EEAE62A2}.Debug.ActiveCfg = Debug|Win32
		{B545983B-8EE0-4A7B-A67A-E749EEAE62A2}.Debug.Build.0 = Debug|Win32
		{B545983B-8EE0-4A7B-A67A-E749EEAE62A2}.Release.ActiveCfg = Release|Win32
		{B545983B-8EE0-4A7B-A67A-E749EEAE62A2}.Release.Build.0 = Release|Win32
		{3C58BE13-50A3-4583-984D-D8902B3D7713}.Debug.ActiveCfg = Debug|Win32
		{3C58BE13-50A3-4583-984D-D8902B3D7713}.Debug.Build.0 = Debug|Win32
		{3C58BE13-50A3-4583-984D-D8902B3D7713}.Release.ActiveCfg = Release|Win32
		{3C58BE13-50A3-4583-984D-D8902B3D7713}.Release.Build.0 = Release|Win32
		{C45A8B59-8B59-4D5D-A8E8-FB090F8DD619}.Debug.ActiveCfg = Debug|Win32
		{C45A8B59-8B59-4D5D-A8E8-FB090F8DD619}.Debug.Build.0 = Debug|Win32
		{C45A8B59-8B59-4D5D-A8E8-FB090F8DD619}.Release.ActiveCfg = Release|Win32
		{C45A8B59-8B59-4D5D-A8E8-FB090F8DD619}.Release.Build.0 = Release|Win32
		{F0E8B707-00C5-4FF2-B8EF-7C39817132A0}.Debug.ActiveCfg = Debug|Win32
		{F0E8B707-00C5-4FF2-B8EF-7C39817132A0}.Debug.Build.0 = Debug|Win32
		{F0E8B707-00C5-4FF2-B8EF-7C39817132A0}.Release.ActiveCfg = Release|Win32
		{F0E8B707-00C5-4FF2-B8EF-7C39817132A0}.Release.Build.0 = Release|Win32
		{021CEB0A-F721-4F59-B349-9CEEAF244459}.Debug.ActiveCfg = Debug|Win32
		{021CEB0A-F721-4F59-B349-9CEEAF244459}.Debug.Build.0 = Debug|Win32
		{021CEB0A-F721-4F59-B349-9CEEAF244459}.Release.ActiveCfg = Release|Win32
		{021CEB0A-F721-4F59-B349-9CEEAF244459}.Release.Build.0 = Release|Win32
	EndGlobalSection
	GlobalSection(ExtensibilityGlobals) = postSolution
	EndGlobalSection
	GlobalSection(ExtensibilityAddIns) = postSolution
	EndGlobalSection
EndGlobal
